
Microsoft Visual Studio Solution File, Format Version 12.00
# Visual Studio Version 17
VisualStudioVersion = 17.0.31903.59
MinimumVisualStudioVersion = 10.0.40219.1
Project("{9A19103F-16F7-4668-BE54-9A1E7A4F7556}") = "Trestat.MsixShortcut", "src\Trestat.MsixShortcut\Trestat.MsixShortcut.csproj", "{9984B1A9-7167-4F5F-A522-524F6021571B}"
EndProject
Project("{9A19103F-16F7-4668-BE54-9A1E7A4F7556}") = "Trestat.MsixShortcut.Tests", "src\Trestat.MsixShortcut.Tests\Trestat.MsixShortcut.Tests.csproj", "{8B3F110A-7A58-456E-ADD4-B1B3DAF94D0B}"
EndProject
Global
	GlobalSection(SolutionConfigurationPlatforms) = preSolution
		Debug|Any CPU = Debug|Any CPU
		Debug|x64 = Debug|x64
		Debug|x86 = Debug|x86
		Release|Any CPU = Release|Any CPU
		Release|x64 = Release|x64
		Release|x86 = Release|x86
	EndGlobalSection
	GlobalSection(ProjectConfigurationPlatforms) = postSolution
		{9984B1A9-7167-4F5F-A522-524F6021571B}.Debug|Any CPU.ActiveCfg = Debug|Any CPU
		{9984B1A9-7167-4F5F-A522-524F6021571B}.Debug|Any CPU.Build.0 = Debug|Any CPU
		{9984B1A9-7167-4F5F-A522-524F6021571B}.Debug|x64.ActiveCfg = Debug|Any CPU
		{9984B1A9-7167-4F5F-A522-524F6021571B}.Debug|x64.Build.0 = Debug|Any CPU
		{9984B1A9-7167-4F5F-A522-524F6021571B}.Debug|x86.ActiveCfg = Debug|Any CPU
		{9984B1A9-7167-4F5F-A522-524F6021571B}.Debug|x86.Build.0 = Debug|Any CPU
		{9984B1A9-7167-4F5F-A522-524F6021571B}.Release|Any CPU.ActiveCfg = Release|Any CPU
		{9984B1A9-7167-4F5F-A522-524F6021571B}.Release|Any CPU.Build.0 = Release|Any CPU
		{9984B1A9-7167-4F5F-A522-524F6021571B}.Release|x64.ActiveCfg = Release|Any CPU
		{9984B1A9-7167-4F5F-A522-524F6021571B}.Release|x64.Build.0 = Release|Any CPU
		{9984B1A9-7167-4F5F-A522-524F6021571B}.Release|x86.ActiveCfg = Release|Any CPU
		{9984B1A9-7167-4F5F-A522-524F6021571B}.Release|x86.Build.0 = Release|Any CPU
		{8B3F110A-7A58-456E-ADD4-B1B3DAF94D0B}.Debug|Any CPU.ActiveCfg = Debug|Any CPU
		{8B3F110A-7A58-456E-ADD4-B1B3DAF94D0B}.Debug|Any CPU.Build.0 = Debug|Any CPU
		{8B3F110A-7A58-456E-ADD4-B1B3DAF94D0B}.Debug|x64.ActiveCfg = Debug|Any CPU
		{8B3F110A-7A58-456E-ADD4-B1B3DAF94D0B}.Debug|x64.Build.0 = Debug|Any CPU
		{8B3F110A-7A58-456E-ADD4-B1B3DAF94D0B}.Debug|x86.ActiveCfg = Debug|Any CPU
		{8B3F110A-7A58-456E-ADD4-B1B3DAF94D0B}.Debug|x86.Build.0 = Debug|Any CPU
		{8B3F110A-7A58-456E-ADD4-B1B3DAF94D0B}.Release|Any CPU.ActiveCfg = Release|Any CPU
		{8B3F110A-7A58-456E-ADD4-B1B3DAF94D0B}.Release|Any CPU.Build.0 = Release|Any CPU
		{8B3F110A-7A58-456E-ADD4-B1B3DAF94D0B}.Release|x64.ActiveCfg = Release|Any CPU
		{8B3F110A-7A58-456E-ADD4-B1B3DAF94D0B}.Release|x64.Build.0 = Release|Any CPU
		{8B3F110A-7A58-456E-ADD4-B1B3DAF94D0B}.Release|x86.ActiveCfg = Release|Any CPU
		{8B3F110A-7A58-456E-ADD4-B1B3DAF94D0B}.Release|x86.Build.0 = Release|Any CPU
	EndGlobalSection
	GlobalSection(SolutionProperties) = preSolution
		HideSolutionNode = FALSE
	EndGlobalSection
EndGlobal
